
Microsoft Visual Studio Solution File, Format Version 12.00
# Visual Studio Version 17
VisualStudioVersion = 17.0.31903.59
MinimumVisualStudioVersion = 10.0.40219.1
Project("{FAE04EC0-301F-11D3-BF4B-00C04F79EFBC}") = "IbgeApiChallenge.Api", "IbgeApiChallenge.Api\IbgeApiChallenge.Api.csproj", "{8B4C7455-F5D9-44BD-8506-CB591522A972}"
EndProject
Project("{FAE04EC0-301F-11D3-BF4B-00C04F79EFBC}") = "IbgeApiChallenge.Core", "IbgeApiChallenge.Core\IbgeApiChallenge.Core.csproj", "{926A8E6A-14FF-446A-9C60-A28026645319}"
EndProject
Project("{FAE04EC0-301F-11D3-BF4B-00C04F79EFBC}") = "IbgeApiChallenge.Infra", "IbgeApiChallenge.Infra\IbgeApiChallenge.Infra.csproj", "{38D3E62D-B258-4390-A7DF-DDB6B1E2E0B6}"
EndProject
Global
	GlobalSection(SolutionConfigurationPlatforms) = preSolution
		Debug|Any CPU = Debug|Any CPU
		Release|Any CPU = Release|Any CPU
	EndGlobalSection
	GlobalSection(SolutionProperties) = preSolution
		HideSolutionNode = FALSE
	EndGlobalSection
	GlobalSection(ProjectConfigurationPlatforms) = postSolution
		{8B4C7455-F5D9-44BD-8506-CB591522A972}.Debug|Any CPU.ActiveCfg = Debug|Any CPU
		{8B4C7455-F5D9-44BD-8506-CB591522A972}.Debug|Any CPU.Build.0 = Debug|Any CPU
		{8B4C7455-F5D9-44BD-8506-CB591522A972}.Release|Any CPU.ActiveCfg = Release|Any CPU
		{8B4C7455-F5D9-44BD-8506-CB591522A972}.Release|Any CPU.Build.0 = Release|Any CPU
		{926A8E6A-14FF-446A-9C60-A28026645319}.Debug|Any CPU.ActiveCfg = Debug|Any CPU
		{926A8E6A-14FF-446A-9C60-A28026645319}.Debug|Any CPU.Build.0 = Debug|Any CPU
		{926A8E6A-14FF-446A-9C60-A28026645319}.Release|Any CPU.ActiveCfg = Release|Any CPU
		{926A8E6A-14FF-446A-9C60-A28026645319}.Release|Any CPU.Build.0 = Release|Any CPU
		{38D3E62D-B258-4390-A7DF-DDB6B1E2E0B6}.Debug|Any CPU.ActiveCfg = Debug|Any CPU
		{38D3E62D-B258-4390-A7DF-DDB6B1E2E0B6}.Debug|Any CPU.Build.0 = Debug|Any CPU
		{38D3E62D-B258-4390-A7DF-DDB6B1E2E0B6}.Release|Any CPU.ActiveCfg = Release|Any CPU
		{38D3E62D-B258-4390-A7DF-DDB6B1E2E0B6}.Release|Any CPU.Build.0 = Release|Any CPU
	EndGlobalSection
EndGlobal
